
Microsoft Visual Studio Solution File, Format Version 12.00
# Visual Studio Version 17
VisualStudioVersion = 17.14.36408.4 d17.14
MinimumVisualStudioVersion = 10.0.40219.1
Project("{FAE04EC0-301F-11D3-BF4B-00C04F79EFBC}") = "mi_tetris", "mi_tetris.csproj", "{AA631BB7-8741-49A8-819C-3615314C8875}"
EndProject
Global
	GlobalSection(SolutionConfigurationPlatforms) = preSolution
		Debug|Any CPU = Debug|Any CPU
		Release|Any CPU = Release|Any CPU
	EndGlobalSection
	GlobalSection(ProjectConfigurationPlatforms) = postSolution
		{AA631BB7-8741-49A8-819C-3615314C8875}.Debug|Any CPU.ActiveCfg = Debug|Any CPU
		{AA631BB7-8741-49A8-819C-3615314C8875}.Debug|Any CPU.Build.0 = Debug|Any CPU
		{AA631BB7-8741-49A8-819C-3615314C8875}.Release|Any CPU.ActiveCfg = Release|Any CPU
		{AA631BB7-8741-49A8-819C-3615314C8875}.Release|Any CPU.Build.0 = Release|Any CPU
	EndGlobalSection
	GlobalSection(SolutionProperties) = preSolution
		HideSolutionNode = FALSE
	EndGlobalSection
	GlobalSection(ExtensibilityGlobals) = postSolution
		SolutionGuid = {156C0D09-B10A-4834-A4E0-0C8343D86D46}
	EndGlobalSection
EndGlobal
